// !$*UTF8*$!
{
	archiveVersion = 1;
	classes = {
	};
	objectVersion = 56;
	objects = {

/* Begin PBXBuildFile section */
		75D9B7EA29A5F64800661387 /* GoogleService-Info.plist in Resources */ = {isa = PBXBuildFile; fileRef = 75D9B7E929A5F64800661387 /* GoogleService-Info.plist */; };
		75EA2C5A29A5A0E100A6116E /* AppDelegate.swift in Sources */ = {isa = PBXBuildFile; fileRef = 75EA2C5929A5A0E100A6116E /* AppDelegate.swift */; };
		75EA2C5C29A5A0E100A6116E /* SceneDelegate.swift in Sources */ = {isa = PBXBuildFile; fileRef = 75EA2C5B29A5A0E100A6116E /* SceneDelegate.swift */; };
		75EA2C5E29A5A0E100A6116E /* ViewController.swift in Sources */ = {isa = PBXBuildFile; fileRef = 75EA2C5D29A5A0E100A6116E /* ViewController.swift */; };
		75EA2C6129A5A0E100A6116E /* Main.storyboard in Resources */ = {isa = PBXBuildFile; fileRef = 75EA2C5F29A5A0E100A6116E /* Main.storyboard */; };
		75EA2C6329A5A0E300A6116E /* Assets.xcassets in Resources */ = {isa = PBXBuildFile; fileRef = 75EA2C6229A5A0E300A6116E /* Assets.xcassets */; };
		75EA2C6629A5A0E300A6116E /* LaunchScreen.storyboard in Resources */ = {isa = PBXBuildFile; fileRef = 75EA2C6429A5A0E300A6116E /* LaunchScreen.storyboard */; };
		75EA2C7129A5A0E300A6116E /* SocialLoginTests.swift in Sources */ = {isa = PBXBuildFile; fileRef = 75EA2C7029A5A0E300A6116E /* SocialLoginTests.swift */; };
		75EA2C7B29A5A0E300A6116E /* SocialLoginUITests.swift in Sources */ = {isa = PBXBuildFile; fileRef = 75EA2C7A29A5A0E300A6116E /* SocialLoginUITests.swift */; };
		75EA2C7D29A5A0E300A6116E /* SocialLoginUITestsLaunchTests.swift in Sources */ = {isa = PBXBuildFile; fileRef = 75EA2C7C29A5A0E300A6116E /* SocialLoginUITestsLaunchTests.swift */; };
		75EA2C8A29A5A17200A6116E /* LoginnedViewController.swift in Sources */ = {isa = PBXBuildFile; fileRef = 75EA2C8929A5A17200A6116E /* LoginnedViewController.swift */; };
		B03D5EF574D4A6C455C870E1 /* Pods_SocialLogin_SocialLoginUITests.framework in Frameworks */ = {isa = PBXBuildFile; fileRef = 2E1AEEF30D8B0030209947CE /* Pods_SocialLogin_SocialLoginUITests.framework */; };
		D25E38777E0C7DB138983523 /* Pods_SocialLogin.framework in Frameworks */ = {isa = PBXBuildFile; fileRef = 2A1497EF3DB9E4B20DA40F72 /* Pods_SocialLogin.framework */; };
		F9436A4B54CD9318514A54F0 /* Pods_SocialLoginTests.framework in Frameworks */ = {isa = PBXBuildFile; fileRef = DD1425486AB96C95E0F0CB46 /* Pods_SocialLoginTests.framework */; };
/* End PBXBuildFile section */

/* Begin PBXContainerItemProxy section */
		75EA2C6D29A5A0E300A6116E /* PBXContainerItemProxy */ = {
			isa = PBXContainerItemProxy;
			containerPortal = 75EA2C4E29A5A0E100A6116E /* Project object */;
			proxyType = 1;
			remoteGlobalIDString = 75EA2C5529A5A0E100A6116E;
			remoteInfo = SocialLogin;
		};
		75EA2C7729A5A0E300A6116E /* PBXContainerItemProxy */ = {
			isa = PBXContainerItemProxy;
			containerPortal = 75EA2C4E29A5A0E100A6116E /* Project object */;
			proxyType = 1;
			remoteGlobalIDString = 75EA2C5529A5A0E100A6116E;
			remoteInfo = SocialLogin;
		};
/* End PBXContainerItemProxy section */

/* Begin PBXFileReference section */
		2A1497EF3DB9E4B20DA40F72 /* Pods_SocialLogin.framework */ = {isa = PBXFileReference; explicitFileType = wrapper.framework; includeInIndex = 0; path = Pods_SocialLogin.framework; sourceTree = BUILT_PRODUCTS_DIR; };
		2E1AEEF30D8B0030209947CE /* Pods_SocialLogin_SocialLoginUITests.framework */ = {isa = PBXFileReference; explicitFileType = wrapper.framework; includeInIndex = 0; path = Pods_SocialLogin_SocialLoginUITests.framework; sourceTree = BUILT_PRODUCTS_DIR; };
		75D9B7E629A5F2A100661387 /* SocialLogin.entitlements */ = {isa = PBXFileReference; lastKnownFileType = text.plist.entitlements; path = SocialLogin.entitlements; sourceTree = "<group>"; };
		75D9B7E929A5F64800661387 /* GoogleService-Info.plist */ = {isa = PBXFileReference; fileEncoding = 4; lastKnownFileType = text.plist.xml; path = "GoogleService-Info.plist"; sourceTree = "<group>"; };
		75EA2C5629A5A0E100A6116E /* SocialLogin.app */ = {isa = PBXFileReference; explicitFileType = wrapper.application; includeInIndex = 0; path = SocialLogin.app; sourceTree = BUILT_PRODUCTS_DIR; };
		75EA2C5929A5A0E100A6116E /* AppDelegate.swift */ = {isa = PBXFileReference; lastKnownFileType = sourcecode.swift; path = AppDelegate.swift; sourceTree = "<group>"; };
		75EA2C5B29A5A0E100A6116E /* SceneDelegate.swift */ = {isa = PBXFileReference; lastKnownFileType = sourcecode.swift; path = SceneDelegate.swift; sourceTree = "<group>"; };
		75EA2C5D29A5A0E100A6116E /* ViewController.swift */ = {isa = PBXFileReference; lastKnownFileType = sourcecode.swift; path = ViewController.swift; sourceTree = "<group>"; };
		75EA2C6029A5A0E100A6116E /* Base */ = {isa = PBXFileReference; lastKnownFileType = file.storyboard; name = Base; path = Base.lproj/Main.storyboard; sourceTree = "<group>"; };
		75EA2C6229A5A0E300A6116E /* Assets.xcassets */ = {isa = PBXFileReference; lastKnownFileType = folder.assetcatalog; path = Assets.xcassets; sourceTree = "<group>"; };
		75EA2C6529A5A0E300A6116E /* Base */ = {isa = PBXFileReference; lastKnownFileType = file.storyboard; name = Base; path = Base.lproj/LaunchScreen.storyboard; sourceTree = "<group>"; };
		75EA2C6729A5A0E300A6116E /* Info.plist */ = {isa = PBXFileReference; lastKnownFileType = text.plist.xml; path = Info.plist; sourceTree = "<group>"; };
		75EA2C6C29A5A0E300A6116E /* SocialLoginTests.xctest */ = {isa = PBXFileReference; explicitFileType = wrapper.cfbundle; includeInIndex = 0; path = SocialLoginTests.xctest; sourceTree = BUILT_PRODUCTS_DIR; };
		75EA2C7029A5A0E300A6116E /* SocialLoginTests.swift */ = {isa = PBXFileReference; lastKnownFileType = sourcecode.swift; path = SocialLoginTests.swift; sourceTree = "<group>"; };
		75EA2C7629A5A0E300A6116E /* SocialLoginUITests.xctest */ = {isa = PBXFileReference; explicitFileType = wrapper.cfbundle; includeInIndex = 0; path = SocialLoginUITests.xctest; sourceTree = BUILT_PRODUCTS_DIR; };
		75EA2C7A29A5A0E300A6116E /* SocialLoginUITests.swift */ = {isa = PBXFileReference; lastKnownFileType = sourcecode.swift; path = SocialLoginUITests.swift; sourceTree = "<group>"; };
		75EA2C7C29A5A0E300A6116E /* SocialLoginUITestsLaunchTests.swift */ = {isa = PBXFileReference; lastKnownFileType = sourcecode.swift; path = SocialLoginUITestsLaunchTests.swift; sourceTree = "<group>"; };
		75EA2C8929A5A17200A6116E /* LoginnedViewController.swift */ = {isa = PBXFileReference; lastKnownFileType = sourcecode.swift; path = LoginnedViewController.swift; sourceTree = "<group>"; };
		7DE975C76E6775BC5FCA15FC /* Pods-SocialLogin-SocialLoginUITests.release.xcconfig */ = {isa = PBXFileReference; includeInIndex = 1; lastKnownFileType = text.xcconfig; name = "Pods-SocialLogin-SocialLoginUITests.release.xcconfig"; path = "Target Support Files/Pods-SocialLogin-SocialLoginUITests/Pods-SocialLogin-SocialLoginUITests.release.xcconfig"; sourceTree = "<group>"; };
		8A53B26AC6740C4A70E4782D /* Pods-SocialLogin.debug.xcconfig */ = {isa = PBXFileReference; includeInIndex = 1; lastKnownFileType = text.xcconfig; name = "Pods-SocialLogin.debug.xcconfig"; path = "Target Support Files/Pods-SocialLogin/Pods-SocialLogin.debug.xcconfig"; sourceTree = "<group>"; };
		920A99ED44466604D64E8C03 /* Pods-SocialLogin-SocialLoginUITests.debug.xcconfig */ = {isa = PBXFileReference; includeInIndex = 1; lastKnownFileType = text.xcconfig; name = "Pods-SocialLogin-SocialLoginUITests.debug.xcconfig"; path = "Target Support Files/Pods-SocialLogin-SocialLoginUITests/Pods-SocialLogin-SocialLoginUITests.debug.xcconfig"; sourceTree = "<group>"; };
		9D26D532D966CE592CB6855A /* Pods-SocialLoginTests.debug.xcconfig */ = {isa = PBXFileReference; includeInIndex = 1; lastKnownFileType = text.xcconfig; name = "Pods-SocialLoginTests.debug.xcconfig"; path = "Target Support Files/Pods-SocialLoginTests/Pods-SocialLoginTests.debug.xcconfig"; sourceTree = "<group>"; };
		C113CA6D68BF73E14BF49BAE /* Pods-SocialLogin.release.xcconfig */ = {isa = PBXFileReference; includeInIndex = 1; lastKnownFileType = text.xcconfig; name = "Pods-SocialLogin.release.xcconfig"; path = "Target Support Files/Pods-SocialLogin/Pods-SocialLogin.release.xcconfig"; sourceTree = "<group>"; };
		DD1425486AB96C95E0F0CB46 /* Pods_SocialLoginTests.framework */ = {isa = PBXFileReference; explicitFileType = wrapper.framework; includeInIndex = 0; path = Pods_SocialLoginTests.framework; sourceTree = BUILT_PRODUCTS_DIR; };
		F3EC76D1B6575DA2E06DF71D /* Pods-SocialLoginTests.release.xcconfig */ = {isa = PBXFileReference; includeInIndex = 1; lastKnownFileType = text.xcconfig; name = "Pods-SocialLoginTests.release.xcconfig"; path = "Target Support Files/Pods-SocialLoginTests/Pods-SocialLoginTests.release.xcconfig"; sourceTree = "<group>"; };
/* End PBXFileReference section */

/* Begin PBXFrameworksBuildPhase section */
		75EA2C5329A5A0E100A6116E /* Frameworks */ = {
			isa = PBXFrameworksBuildPhase;
			buildActionMask = 2147483647;
			files = (
				D25E38777E0C7DB138983523 /* Pods_SocialLogin.framework in Frameworks */,
			);
			runOnlyForDeploymentPostprocessing = 0;
		};
		75EA2C6929A5A0E300A6116E /* Frameworks */ = {
			isa = PBXFrameworksBuildPhase;
			buildActionMask = 2147483647;
			files = (
				F9436A4B54CD9318514A54F0 /* Pods_SocialLoginTests.framework in Frameworks */,
			);
			runOnlyForDeploymentPostprocessing = 0;
		};
		75EA2C7329A5A0E300A6116E /* Frameworks */ = {
			isa = PBXFrameworksBuildPhase;
			buildActionMask = 2147483647;
			files = (
				B03D5EF574D4A6C455C870E1 /* Pods_SocialLogin_SocialLoginUITests.framework in Frameworks */,
			);
			runOnlyForDeploymentPostprocessing = 0;
		};
/* End PBXFrameworksBuildPhase section */

/* Begin PBXGroup section */
		75EA2C4D29A5A0E100A6116E = {
			isa = PBXGroup;
			children = (
				75EA2C5829A5A0E100A6116E /* SocialLogin */,
				75EA2C6F29A5A0E300A6116E /* SocialLoginTests */,
				75EA2C7929A5A0E300A6116E /* SocialLoginUITests */,
				75EA2C5729A5A0E100A6116E /* Products */,
				A41C75A4EE4155D7FC9A16D9 /* Pods */,
				890A50CD6DCD82AEDA93B9C6 /* Frameworks */,
			);
			sourceTree = "<group>";
		};
		75EA2C5729A5A0E100A6116E /* Products */ = {
			isa = PBXGroup;
			children = (
				75EA2C5629A5A0E100A6116E /* SocialLogin.app */,
				75EA2C6C29A5A0E300A6116E /* SocialLoginTests.xctest */,
				75EA2C7629A5A0E300A6116E /* SocialLoginUITests.xctest */,
			);
			name = Products;
			sourceTree = "<group>";
		};
		75EA2C5829A5A0E100A6116E /* SocialLogin */ = {
			isa = PBXGroup;
			children = (
				75D9B7E629A5F2A100661387 /* SocialLogin.entitlements */,
				75EA2C5929A5A0E100A6116E /* AppDelegate.swift */,
				75EA2C5B29A5A0E100A6116E /* SceneDelegate.swift */,
				75EA2C5D29A5A0E100A6116E /* ViewController.swift */,
				75EA2C5F29A5A0E100A6116E /* Main.storyboard */,
				75EA2C8929A5A17200A6116E /* LoginnedViewController.swift */,
				75EA2C6229A5A0E300A6116E /* Assets.xcassets */,
				75EA2C6429A5A0E300A6116E /* LaunchScreen.storyboard */,
				75D9B7E929A5F64800661387 /* GoogleService-Info.plist */,
				75EA2C6729A5A0E300A6116E /* Info.plist */,
			);
			path = SocialLogin;
			sourceTree = "<group>";
		};
		75EA2C6F29A5A0E300A6116E /* SocialLoginTests */ = {
			isa = PBXGroup;
			children = (
				75EA2C7029A5A0E300A6116E /* SocialLoginTests.swift */,
			);
			path = SocialLoginTests;
			sourceTree = "<group>";
		};
		75EA2C7929A5A0E300A6116E /* SocialLoginUITests */ = {
			isa = PBXGroup;
			children = (
				75EA2C7A29A5A0E300A6116E /* SocialLoginUITests.swift */,
				75EA2C7C29A5A0E300A6116E /* SocialLoginUITestsLaunchTests.swift */,
			);
			path = SocialLoginUITests;
			sourceTree = "<group>";
		};
		890A50CD6DCD82AEDA93B9C6 /* Frameworks */ = {
			isa = PBXGroup;
			children = (
				2A1497EF3DB9E4B20DA40F72 /* Pods_SocialLogin.framework */,
				2E1AEEF30D8B0030209947CE /* Pods_SocialLogin_SocialLoginUITests.framework */,
				DD1425486AB96C95E0F0CB46 /* Pods_SocialLoginTests.framework */,
			);
			name = Frameworks;
			sourceTree = "<group>";
		};
		A41C75A4EE4155D7FC9A16D9 /* Pods */ = {
			isa = PBXGroup;
			children = (
				8A53B26AC6740C4A70E4782D /* Pods-SocialLogin.debug.xcconfig */,
				C113CA6D68BF73E14BF49BAE /* Pods-SocialLogin.release.xcconfig */,
				920A99ED44466604D64E8C03 /* Pods-SocialLogin-SocialLoginUITests.debug.xcconfig */,
				7DE975C76E6775BC5FCA15FC /* Pods-SocialLogin-SocialLoginUITests.release.xcconfig */,
				9D26D532D966CE592CB6855A /* Pods-SocialLoginTests.debug.xcconfig */,
				F3EC76D1B6575DA2E06DF71D /* Pods-SocialLoginTests.release.xcconfig */,
			);
			path = Pods;
			sourceTree = "<group>";
		};
/* End PBXGroup section */

/* Begin PBXNativeTarget section */
		75EA2C5529A5A0E100A6116E /* SocialLogin */ = {
			isa = PBXNativeTarget;
			buildConfigurationList = 75EA2C8029A5A0E300A6116E /* Build configuration list for PBXNativeTarget "SocialLogin" */;
			buildPhases = (
				9AB4BB1CE881D34EF1CEEB61 /* [CP] Check Pods Manifest.lock */,
				75EA2C5229A5A0E100A6116E /* Sources */,
				75EA2C5329A5A0E100A6116E /* Frameworks */,
				75EA2C5429A5A0E100A6116E /* Resources */,
				F7977C5DD64BAA0B7CD8D5A0 /* [CP] Embed Pods Frameworks */,
			);
			buildRules = (
			);
			dependencies = (
			);
			name = SocialLogin;
			productName = SocialLogin;
			productReference = 75EA2C5629A5A0E100A6116E /* SocialLogin.app */;
			productType = "com.apple.product-type.application";
		};
		75EA2C6B29A5A0E300A6116E /* SocialLoginTests */ = {
			isa = PBXNativeTarget;
			buildConfigurationList = 75EA2C8329A5A0E300A6116E /* Build configuration list for PBXNativeTarget "SocialLoginTests" */;
			buildPhases = (
				AEF0A0D429B45B8F7CEBE577 /* [CP] Check Pods Manifest.lock */,
				75EA2C6829A5A0E300A6116E /* Sources */,
				75EA2C6929A5A0E300A6116E /* Frameworks */,
				75EA2C6A29A5A0E300A6116E /* Resources */,
			);
			buildRules = (
			);
			dependencies = (
				75EA2C6E29A5A0E300A6116E /* PBXTargetDependency */,
			);
			name = SocialLoginTests;
			productName = SocialLoginTests;
			productReference = 75EA2C6C29A5A0E300A6116E /* SocialLoginTests.xctest */;
			productType = "com.apple.product-type.bundle.unit-test";
		};
		75EA2C7529A5A0E300A6116E /* SocialLoginUITests */ = {
			isa = PBXNativeTarget;
			buildConfigurationList = 75EA2C8629A5A0E300A6116E /* Build configuration list for PBXNativeTarget "SocialLoginUITests" */;
			buildPhases = (
				45C3EF3E3B1DF9E8072CCD6F /* [CP] Check Pods Manifest.lock */,
				75EA2C7229A5A0E300A6116E /* Sources */,
				75EA2C7329A5A0E300A6116E /* Frameworks */,
				75EA2C7429A5A0E300A6116E /* Resources */,
				6DB17E8FD07604900AFD7AAA /* [CP] Embed Pods Frameworks */,
			);
			buildRules = (
			);
			dependencies = (
				75EA2C7829A5A0E300A6116E /* PBXTargetDependency */,
			);
			name = SocialLoginUITests;
			productName = SocialLoginUITests;
			productReference = 75EA2C7629A5A0E300A6116E /* SocialLoginUITests.xctest */;
			productType = "com.apple.product-type.bundle.ui-testing";
		};
/* End PBXNativeTarget section */

/* Begin PBXProject section */
		75EA2C4E29A5A0E100A6116E /* Project object */ = {
			isa = PBXProject;
			attributes = {
				BuildIndependentTargetsInParallel = 1;
				LastSwiftUpdateCheck = 1420;
				LastUpgradeCheck = 1420;
				TargetAttributes = {
					75EA2C5529A5A0E100A6116E = {
						CreatedOnToolsVersion = 14.2;
					};
					75EA2C6B29A5A0E300A6116E = {
						CreatedOnToolsVersion = 14.2;
						TestTargetID = 75EA2C5529A5A0E100A6116E;
					};
					75EA2C7529A5A0E300A6116E = {
						CreatedOnToolsVersion = 14.2;
						TestTargetID = 75EA2C5529A5A0E100A6116E;
					};
				};
			};
			buildConfigurationList = 75EA2C5129A5A0E100A6116E /* Build configuration list for PBXProject "SocialLogin" */;
			compatibilityVersion = "Xcode 14.0";
			developmentRegion = en;
			hasScannedForEncodings = 0;
			knownRegions = (
				en,
				Base,
			);
			mainGroup = 75EA2C4D29A5A0E100A6116E;
			productRefGroup = 75EA2C5729A5A0E100A6116E /* Products */;
			projectDirPath = "";
			projectRoot = "";
			targets = (
				75EA2C5529A5A0E100A6116E /* SocialLogin */,
				75EA2C6B29A5A0E300A6116E /* SocialLoginTests */,
				75EA2C7529A5A0E300A6116E /* SocialLoginUITests */,
			);
		};
/* End PBXProject section */

/* Begin PBXResourcesBuildPhase section */
		75EA2C5429A5A0E100A6116E /* Resources */ = {
			isa = PBXResourcesBuildPhase;
			buildActionMask = 2147483647;
			files = (
				75EA2C6629A5A0E300A6116E /* LaunchScreen.storyboard in Resources */,
				75D9B7EA29A5F64800661387 /* GoogleService-Info.plist in Resources */,
				75EA2C6329A5A0E300A6116E /* Assets.xcassets in Resources */,
				75EA2C6129A5A0E100A6116E /* Main.storyboard in Resources */,
			);
			runOnlyForDeploymentPostprocessing = 0;
		};
		75EA2C6A29A5A0E300A6116E /* Resources */ = {
			isa = PBXResourcesBuildPhase;
			buildActionMask = 2147483647;
			files = (
			);
			runOnlyForDeploymentPostprocessing = 0;
		};
		75EA2C7429A5A0E300A6116E /* Resources */ = {
			isa = PBXResourcesBuildPhase;
			buildActionMask = 2147483647;
			files = (
			);
			runOnlyForDeploymentPostprocessing = 0;
		};
/* End PBXResourcesBuildPhase section */

/* Begin PBXShellScriptBuildPhase section */
		45C3EF3E3B1DF9E8072CCD6F /* [CP] Check Pods Manifest.lock */ = {
			isa = PBXShellScriptBuildPhase;
			buildActionMask = 2147483647;
			files = (
			);
			inputFileListPaths = (
			);
			inputPaths = (
				"${PODS_PODFILE_DIR_PATH}/Podfile.lock",
				"${PODS_ROOT}/Manifest.lock",
			);
			name = "[CP] Check Pods Manifest.lock";
			outputFileListPaths = (
			);
			outputPaths = (
				"$(DERIVED_FILE_DIR)/Pods-SocialLogin-SocialLoginUITests-checkManifestLockResult.txt",
			);
			runOnlyForDeploymentPostprocessing = 0;
			shellPath = /bin/sh;
			shellScript = "diff \"${PODS_PODFILE_DIR_PATH}/Podfile.lock\" \"${PODS_ROOT}/Manifest.lock\" > /dev/null\nif [ $? != 0 ] ; then\n    # print error to STDERR\n    echo \"error: The sandbox is not in sync with the Podfile.lock. Run 'pod install' or update your CocoaPods installation.\" >&2\n    exit 1\nfi\n# This output is used by Xcode 'outputs' to avoid re-running this script phase.\necho \"SUCCESS\" > \"${SCRIPT_OUTPUT_FILE_0}\"\n";
			showEnvVarsInLog = 0;
		};
		6DB17E8FD07604900AFD7AAA /* [CP] Embed Pods Frameworks */ = {
			isa = PBXShellScriptBuildPhase;
			buildActionMask = 2147483647;
			files = (
			);
			inputFileListPaths = (
				"${PODS_ROOT}/Target Support Files/Pods-SocialLogin-SocialLoginUITests/Pods-SocialLogin-SocialLoginUITests-frameworks-${CONFIGURATION}-input-files.xcfilelist",
			);
			name = "[CP] Embed Pods Frameworks";
			outputFileListPaths = (
				"${PODS_ROOT}/Target Support Files/Pods-SocialLogin-SocialLoginUITests/Pods-SocialLogin-SocialLoginUITests-frameworks-${CONFIGURATION}-output-files.xcfilelist",
			);
			runOnlyForDeploymentPostprocessing = 0;
			shellPath = /bin/sh;
			shellScript = "\"${PODS_ROOT}/Target Support Files/Pods-SocialLogin-SocialLoginUITests/Pods-SocialLogin-SocialLoginUITests-frameworks.sh\"\n";
			showEnvVarsInLog = 0;
		};
		9AB4BB1CE881D34EF1CEEB61 /* [CP] Check Pods Manifest.lock */ = {
			isa = PBXShellScriptBuildPhase;
			buildActionMask = 2147483647;
			files = (
			);
			inputFileListPaths = (
			);
			inputPaths = (
				"${PODS_PODFILE_DIR_PATH}/Podfile.lock",
				"${PODS_ROOT}/Manifest.lock",
			);
			name = "[CP] Check Pods Manifest.lock";
			outputFileListPaths = (
			);
			outputPaths = (
				"$(DERIVED_FILE_DIR)/Pods-SocialLogin-checkManifestLockResult.txt",
			);
			runOnlyForDeploymentPostprocessing = 0;
			shellPath = /bin/sh;
			shellScript = "diff \"${PODS_PODFILE_DIR_PATH}/Podfile.lock\" \"${PODS_ROOT}/Manifest.lock\" > /dev/null\nif [ $? != 0 ] ; then\n    # print error to STDERR\n    echo \"error: The sandbox is not in sync with the Podfile.lock. Run 'pod install' or update your CocoaPods installation.\" >&2\n    exit 1\nfi\n# This output is used by Xcode 'outputs' to avoid re-running this script phase.\necho \"SUCCESS\" > \"${SCRIPT_OUTPUT_FILE_0}\"\n";
			showEnvVarsInLog = 0;
		};
		AEF0A0D429B45B8F7CEBE577 /* [CP] Check Pods Manifest.lock */ = {
			isa = PBXShellScriptBuildPhase;
			buildActionMask = 2147483647;
			files = (
			);
			inputFileListPaths = (
			);
			inputPaths = (
				"${PODS_PODFILE_DIR_PATH}/Podfile.lock",
				"${PODS_ROOT}/Manifest.lock",
			);
			name = "[CP] Check Pods Manifest.lock";
			outputFileListPaths = (
			);
			outputPaths = (
				"$(DERIVED_FILE_DIR)/Pods-SocialLoginTests-checkManifestLockResult.txt",
			);
			runOnlyForDeploymentPostprocessing = 0;
			shellPath = /bin/sh;
			shellScript = "diff \"${PODS_PODFILE_DIR_PATH}/Podfile.lock\" \"${PODS_ROOT}/Manifest.lock\" > /dev/null\nif [ $? != 0 ] ; then\n    # print error to STDERR\n    echo \"error: The sandbox is not in sync with the Podfile.lock. Run 'pod install' or update your CocoaPods installation.\" >&2\n    exit 1\nfi\n# This output is used by Xcode 'outputs' to avoid re-running this script phase.\necho \"SUCCESS\" > \"${SCRIPT_OUTPUT_FILE_0}\"\n";
			showEnvVarsInLog = 0;
		};
		F7977C5DD64BAA0B7CD8D5A0 /* [CP] Embed Pods Frameworks */ = {
			isa = PBXShellScriptBuildPhase;
			buildActionMask = 2147483647;
			files = (
			);
			inputFileListPaths = (
				"${PODS_ROOT}/Target Support Files/Pods-SocialLogin/Pods-SocialLogin-frameworks-${CONFIGURATION}-input-files.xcfilelist",
			);
			name = "[CP] Embed Pods Frameworks";
			outputFileListPaths = (
				"${PODS_ROOT}/Target Support Files/Pods-SocialLogin/Pods-SocialLogin-frameworks-${CONFIGURATION}-output-files.xcfilelist",
			);
			runOnlyForDeploymentPostprocessing = 0;
			shellPath = /bin/sh;
			shellScript = "\"${PODS_ROOT}/Target Support Files/Pods-SocialLogin/Pods-SocialLogin-frameworks.sh\"\n";
			showEnvVarsInLog = 0;
		};
/* End PBXShellScriptBuildPhase section */

/* Begin PBXSourcesBuildPhase section */
		75EA2C5229A5A0E100A6116E /* Sources */ = {
			isa = PBXSourcesBuildPhase;
			buildActionMask = 2147483647;
			files = (
				75EA2C5E29A5A0E100A6116E /* ViewController.swift in Sources */,
				75EA2C5A29A5A0E100A6116E /* AppDelegate.swift in Sources */,
				75EA2C8A29A5A17200A6116E /* LoginnedViewController.swift in Sources */,
				75EA2C5C29A5A0E100A6116E /* SceneDelegate.swift in Sources */,
			);
			runOnlyForDeploymentPostprocessing = 0;
		};
		75EA2C6829A5A0E300A6116E /* Sources */ = {
			isa = PBXSourcesBuildPhase;
			buildActionMask = 2147483647;
			files = (
				75EA2C7129A5A0E300A6116E /* SocialLoginTests.swift in Sources */,
			);
			runOnlyForDeploymentPostprocessing = 0;
		};
		75EA2C7229A5A0E300A6116E /* Sources */ = {
			isa = PBXSourcesBuildPhase;
			buildActionMask = 2147483647;
			files = (
				75EA2C7B29A5A0E300A6116E /* SocialLoginUITests.swift in Sources */,
				75EA2C7D29A5A0E300A6116E /* SocialLoginUITestsLaunchTests.swift in Sources */,
			);
			runOnlyForDeploymentPostprocessing = 0;
		};
/* End PBXSourcesBuildPhase section */

/* Begin PBXTargetDependency section */
		75EA2C6E29A5A0E300A6116E /* PBXTargetDependency */ = {
			isa = PBXTargetDependency;
			target = 75EA2C5529A5A0E100A6116E /* SocialLogin */;
			targetProxy = 75EA2C6D29A5A0E300A6116E /* PBXContainerItemProxy */;
		};
		75EA2C7829A5A0E300A6116E /* PBXTargetDependency */ = {
			isa = PBXTargetDependency;
			target = 75EA2C5529A5A0E100A6116E /* SocialLogin */;
			targetProxy = 75EA2C7729A5A0E300A6116E /* PBXContainerItemProxy */;
		};
/* End PBXTargetDependency section */

/* Begin PBXVariantGroup section */
		75EA2C5F29A5A0E100A6116E /* Main.storyboard */ = {
			isa = PBXVariantGroup;
			children = (
				75EA2C6029A5A0E100A6116E /* Base */,
			);
			name = Main.storyboard;
			sourceTree = "<group>";
		};
		75EA2C6429A5A0E300A6116E /* LaunchScreen.storyboard */ = {
			isa = PBXVariantGroup;
			children = (
				75EA2C6529A5A0E300A6116E /* Base */,
			);
			name = LaunchScreen.storyboard;
			sourceTree = "<group>";
		};
/* End PBXVariantGroup section */

/* Begin XCBuildConfiguration section */
		75EA2C7E29A5A0E300A6116E /* Debug */ = {
			isa = XCBuildConfiguration;
			buildSettings = {
				ALWAYS_SEARCH_USER_PATHS = NO;
				CLANG_ANALYZER_NONNULL = YES;
				CLANG_ANALYZER_NUMBER_OBJECT_CONVERSION = YES_AGGRESSIVE;
				CLANG_CXX_LANGUAGE_STANDARD = "gnu++20";
				CLANG_ENABLE_MODULES = YES;
				CLANG_ENABLE_OBJC_ARC = YES;
				CLANG_ENABLE_OBJC_WEAK = YES;
				CLANG_WARN_BLOCK_CAPTURE_AUTORELEASING = YES;
				CLANG_WARN_BOOL_CONVERSION = YES;
				CLANG_WARN_COMMA = YES;
				CLANG_WARN_CONSTANT_CONVERSION = YES;
				CLANG_WARN_DEPRECATED_OBJC_IMPLEMENTATIONS = YES;
				CLANG_WARN_DIRECT_OBJC_ISA_USAGE = YES_ERROR;
				CLANG_WARN_DOCUMENTATION_COMMENTS = YES;
				CLANG_WARN_EMPTY_BODY = YES;
				CLANG_WARN_ENUM_CONVERSION = YES;
				CLANG_WARN_INFINITE_RECURSION = YES;
				CLANG_WARN_INT_CONVERSION = YES;
				CLANG_WARN_NON_LITERAL_NULL_CONVERSION = YES;
				CLANG_WARN_OBJC_IMPLICIT_RETAIN_SELF = YES;
				CLANG_WARN_OBJC_LITERAL_CONVERSION = YES;
				CLANG_WARN_OBJC_ROOT_CLASS = YES_ERROR;
				CLANG_WARN_QUOTED_INCLUDE_IN_FRAMEWORK_HEADER = YES;
				CLANG_WARN_RANGE_LOOP_ANALYSIS = YES;
				CLANG_WARN_STRICT_PROTOTYPES = YES;
				CLANG_WARN_SUSPICIOUS_MOVE = YES;
				CLANG_WARN_UNGUARDED_AVAILABILITY = YES_AGGRESSIVE;
				CLANG_WARN_UNREACHABLE_CODE = YES;
				CLANG_WARN__DUPLICATE_METHOD_MATCH = YES;
				COPY_PHASE_STRIP = NO;
				DEBUG_INFORMATION_FORMAT = dwarf;
				ENABLE_STRICT_OBJC_MSGSEND = YES;
				ENABLE_TESTABILITY = YES;
				GCC_C_LANGUAGE_STANDARD = gnu11;
				GCC_DYNAMIC_NO_PIC = NO;
				GCC_NO_COMMON_BLOCKS = YES;
				GCC_OPTIMIZATION_LEVEL = 0;
				GCC_PREPROCESSOR_DEFINITIONS = (
					"DEBUG=1",
					"$(inherited)",
				);
				GCC_WARN_64_TO_32_BIT_CONVERSION = YES;
				GCC_WARN_ABOUT_RETURN_TYPE = YES_ERROR;
				GCC_WARN_UNDECLARED_SELECTOR = YES;
				GCC_WARN_UNINITIALIZED_AUTOS = YES_AGGRESSIVE;
				GCC_WARN_UNUSED_FUNCTION = YES;
				GCC_WARN_UNUSED_VARIABLE = YES;
				IPHONEOS_DEPLOYMENT_TARGET = 16.2;
				MTL_ENABLE_DEBUG_INFO = INCLUDE_SOURCE;
				MTL_FAST_MATH = YES;
				ONLY_ACTIVE_ARCH = YES;
				SDKROOT = iphoneos;
				SWIFT_ACTIVE_COMPILATION_CONDITIONS = DEBUG;
				SWIFT_OPTIMIZATION_LEVEL = "-Onone";
			};
			name = Debug;
		};
		75EA2C7F29A5A0E300A6116E /* Release */ = {
			isa = XCBuildConfiguration;
			buildSettings = {
				ALWAYS_SEARCH_USER_PATHS = NO;
				CLANG_ANALYZER_NONNULL = YES;
				CLANG_ANALYZER_NUMBER_OBJECT_CONVERSION = YES_AGGRESSIVE;
				CLANG_CXX_LANGUAGE_STANDARD = "gnu++20";
				CLANG_ENABLE_MODULES = YES;
				CLANG_ENABLE_OBJC_ARC = YES;
				CLANG_ENABLE_OBJC_WEAK = YES;
				CLANG_WARN_BLOCK_CAPTURE_AUTORELEASING = YES;
				CLANG_WARN_BOOL_CONVERSION = YES;
				CLANG_WARN_COMMA = YES;
				CLANG_WARN_CONSTANT_CONVERSION = YES;
				CLANG_WARN_DEPRECATED_OBJC_IMPLEMENTATIONS = YES;
				CLANG_WARN_DIRECT_OBJC_ISA_USAGE = YES_ERROR;
				CLANG_WARN_DOCUMENTATION_COMMENTS = YES;
				CLANG_WARN_EMPTY_BODY = YES;
				CLANG_WARN_ENUM_CONVERSION = YES;
				CLANG_WARN_INFINITE_RECURSION = YES;
				CLANG_WARN_INT_CONVERSION = YES;
				CLANG_WARN_NON_LITERAL_NULL_CONVERSION = YES;
				CLANG_WARN_OBJC_IMPLICIT_RETAIN_SELF = YES;
				CLANG_WARN_OBJC_LITERAL_CONVERSION = YES;
				CLANG_WARN_OBJC_ROOT_CLASS = YES_ERROR;
				CLANG_WARN_QUOTED_INCLUDE_IN_FRAMEWORK_HEADER = YES;
				CLANG_WARN_RANGE_LOOP_ANALYSIS = YES;
				CLANG_WARN_STRICT_PROTOTYPES = YES;
				CLANG_WARN_SUSPICIOUS_MOVE = YES;
				CLANG_WARN_UNGUARDED_AVAILABILITY = YES_AGGRESSIVE;
				CLANG_WARN_UNREACHABLE_CODE = YES;
				CLANG_WARN__DUPLICATE_METHOD_MATCH = YES;
				COPY_PHASE_STRIP = NO;
				DEBUG_INFORMATION_FORMAT = "dwarf-with-dsym";
				ENABLE_NS_ASSERTIONS = NO;
				ENABLE_STRICT_OBJC_MSGSEND = YES;
				GCC_C_LANGUAGE_STANDARD = gnu11;
				GCC_NO_COMMON_BLOCKS = YES;
				GCC_WARN_64_TO_32_BIT_CONVERSION = YES;
				GCC_WARN_ABOUT_RETURN_TYPE = YES_ERROR;
				GCC_WARN_UNDECLARED_SELECTOR = YES;
				GCC_WARN_UNINITIALIZED_AUTOS = YES_AGGRESSIVE;
				GCC_WARN_UNUSED_FUNCTION = YES;
				GCC_WARN_UNUSED_VARIABLE = YES;
				IPHONEOS_DEPLOYMENT_TARGET = 16.2;
				MTL_ENABLE_DEBUG_INFO = NO;
				MTL_FAST_MATH = YES;
				SDKROOT = iphoneos;
				SWIFT_COMPILATION_MODE = wholemodule;
				SWIFT_OPTIMIZATION_LEVEL = "-O";
				VALIDATE_PRODUCT = YES;
			};
			name = Release;
		};
		75EA2C8129A5A0E300A6116E /* Debug */ = {
			isa = XCBuildConfiguration;
			baseConfigurationReference = 8A53B26AC6740C4A70E4782D /* Pods-SocialLogin.debug.xcconfig */;
			buildSettings = {
				ASSETCATALOG_COMPILER_APPICON_NAME = AppIcon;
				ASSETCATALOG_COMPILER_GLOBAL_ACCENT_COLOR_NAME = AccentColor;
				CODE_SIGN_ENTITLEMENTS = SocialLogin/SocialLogin.entitlements;
				CODE_SIGN_STYLE = Automatic;
				CURRENT_PROJECT_VERSION = 1;
				DEVELOPMENT_TEAM = 9LAFQ24GSN;
				GENERATE_INFOPLIST_FILE = YES;
				INFOPLIST_FILE = SocialLogin/Info.plist;
				INFOPLIST_KEY_UIApplicationSupportsIndirectInputEvents = YES;
				INFOPLIST_KEY_UILaunchStoryboardName = LaunchScreen;
				INFOPLIST_KEY_UIMainStoryboardFile = Main;
				INFOPLIST_KEY_UISupportedInterfaceOrientations_iPad = "UIInterfaceOrientationPortrait UIInterfaceOrientationPortraitUpsideDown UIInterfaceOrientationLandscapeLeft UIInterfaceOrientationLandscapeRight";
				INFOPLIST_KEY_UISupportedInterfaceOrientations_iPhone = "UIInterfaceOrientationPortrait UIInterfaceOrientationLandscapeLeft UIInterfaceOrientationLandscapeRight";
				LD_RUNPATH_SEARCH_PATHS = (
					"$(inherited)",
					"@executable_path/Frameworks",
				);
				MARKETING_VERSION = 1.0;
				PRODUCT_BUNDLE_IDENTIFIER = kr.co.truen.EGLOO.SocialLogin;
				PRODUCT_NAME = "$(TARGET_NAME)";
				SWIFT_EMIT_LOC_STRINGS = YES;
				SWIFT_VERSION = 5.0;
				TARGETED_DEVICE_FAMILY = "1,2";
			};
			name = Debug;
		};
		75EA2C8229A5A0E300A6116E /* Release */ = {
			isa = XCBuildConfiguration;
			baseConfigurationReference = C113CA6D68BF73E14BF49BAE /* Pods-SocialLogin.release.xcconfig */;
			buildSettings = {
				ASSETCATALOG_COMPILER_APPICON_NAME = AppIcon;
				ASSETCATALOG_COMPILER_GLOBAL_ACCENT_COLOR_NAME = AccentColor;
				CODE_SIGN_ENTITLEMENTS = SocialLogin/SocialLogin.entitlements;
				CODE_SIGN_STYLE = Automatic;
				CURRENT_PROJECT_VERSION = 1;
				DEVELOPMENT_TEAM = 9LAFQ24GSN;
				GENERATE_INFOPLIST_FILE = YES;
				INFOPLIST_FILE = SocialLogin/Info.plist;
				INFOPLIST_KEY_UIApplicationSupportsIndirectInputEvents = YES;
				INFOPLIST_KEY_UILaunchStoryboardName = LaunchScreen;
				INFOPLIST_KEY_UIMainStoryboardFile = Main;
				INFOPLIST_KEY_UISupportedInterfaceOrientations_iPad = "UIInterfaceOrientationPortrait UIInterfaceOrientationPortraitUpsideDown UIInterfaceOrientationLandscapeLeft UIInterfaceOrientationLandscapeRight";
				INFOPLIST_KEY_UISupportedInterfaceOrientations_iPhone = "UIInterfaceOrientationPortrait UIInterfaceOrientationLandscapeLeft UIInterfaceOrientationLandscapeRight";
				LD_RUNPATH_SEARCH_PATHS = (
					"$(inherited)",
					"@executable_path/Frameworks",
				);
				MARKETING_VERSION = 1.0;
				PRODUCT_BUNDLE_IDENTIFIER = kr.co.truen.EGLOO.SocialLogin;
				PRODUCT_NAME = "$(TARGET_NAME)";
				SWIFT_EMIT_LOC_STRINGS = YES;
				SWIFT_VERSION = 5.0;
				TARGETED_DEVICE_FAMILY = "1,2";
			};
			name = Release;
		};
		75EA2C8429A5A0E300A6116E /* Debug */ = {
			isa = XCBuildConfiguration;
			baseConfigurationReference = 9D26D532D966CE592CB6855A /* Pods-SocialLoginTests.debug.xcconfig */;
			buildSettings = {
				ALWAYS_EMBED_SWIFT_STANDARD_LIBRARIES = YES;
				BUNDLE_LOADER = "$(TEST_HOST)";
				CODE_SIGN_STYLE = Automatic;
				CURRENT_PROJECT_VERSION = 1;
				DEVELOPMENT_TEAM = 9LAFQ24GSN;
				GENERATE_INFOPLIST_FILE = YES;
				IPHONEOS_DEPLOYMENT_TARGET = 16.2;
				MARKETING_VERSION = 1.0;
				PRODUCT_BUNDLE_IDENTIFIER = kr.co.truen.EGLOO.SocialLoginTests;
				PRODUCT_NAME = "$(TARGET_NAME)";
				SWIFT_EMIT_LOC_STRINGS = NO;
				SWIFT_VERSION = 5.0;
				TARGETED_DEVICE_FAMILY = "1,2";
				TEST_HOST = "$(BUILT_PRODUCTS_DIR)/SocialLogin.app/$(BUNDLE_EXECUTABLE_FOLDER_PATH)/SocialLogin";
			};
			name = Debug;
		};
		75EA2C8529A5A0E300A6116E /* Release */ = {
			isa = XCBuildConfiguration;
			baseConfigurationReference = F3EC76D1B6575DA2E06DF71D /* Pods-SocialLoginTests.release.xcconfig */;
			buildSettings = {
				ALWAYS_EMBED_SWIFT_STANDARD_LIBRARIES = YES;
				BUNDLE_LOADER = "$(TEST_HOST)";
				CODE_SIGN_STYLE = Automatic;
				CURRENT_PROJECT_VERSION = 1;
				DEVELOPMENT_TEAM = 9LAFQ24GSN;
				GENERATE_INFOPLIST_FILE = YES;
				IPHONEOS_DEPLOYMENT_TARGET = 16.2;
				MARKETING_VERSION = 1.0;
				PRODUCT_BUNDLE_IDENTIFIER = kr.co.truen.EGLOO.SocialLoginTests;
				PRODUCT_NAME = "$(TARGET_NAME)";
				SWIFT_EMIT_LOC_STRINGS = NO;
				SWIFT_VERSION = 5.0;
				TARGETED_DEVICE_FAMILY = "1,2";
				TEST_HOST = "$(BUILT_PRODUCTS_DIR)/SocialLogin.app/$(BUNDLE_EXECUTABLE_FOLDER_PATH)/SocialLogin";
			};
			name = Release;
		};
		75EA2C8729A5A0E300A6116E /* Debug */ = {
			isa = XCBuildConfiguration;
			baseConfigurationReference = 920A99ED44466604D64E8C03 /* Pods-SocialLogin-SocialLoginUITests.debug.xcconfig */;
			buildSettings = {
				ALWAYS_EMBED_SWIFT_STANDARD_LIBRARIES = YES;
				CODE_SIGN_STYLE = Automatic;
				CURRENT_PROJECT_VERSION = 1;
				DEVELOPMENT_TEAM = 9LAFQ24GSN;
				GENERATE_INFOPLIST_FILE = YES;
				MARKETING_VERSION = 1.0;
				PRODUCT_BUNDLE_IDENTIFIER = kr.co.truen.EGLOO.SocialLoginUITests;
				PRODUCT_NAME = "$(TARGET_NAME)";
				SWIFT_EMIT_LOC_STRINGS = NO;
				SWIFT_VERSION = 5.0;
				TARGETED_DEVICE_FAMILY = "1,2";
				TEST_TARGET_NAME = SocialLogin;
			};
			name = Debug;
		};
		75EA2C8829A5A0E300A6116E /* Release */ = {
			isa = XCBuildConfiguration;
			baseConfigurationReference = 7DE975C76E6775BC5FCA15FC /* Pods-SocialLogin-SocialLoginUITests.release.xcconfig */;
			buildSettings = {
				ALWAYS_EMBED_SWIFT_STANDARD_LIBRARIES = YES;
				CODE_SIGN_STYLE = Automatic;
				CURRENT_PROJECT_VERSION = 1;
				DEVELOPMENT_TEAM = 9LAFQ24GSN;
				GENERATE_INFOPLIST_FILE = YES;
				MARKETING_VERSION = 1.0;
				PRODUCT_BUNDLE_IDENTIFIER = kr.co.truen.EGLOO.SocialLoginUITests;
				PRODUCT_NAME = "$(TARGET_NAME)";
				SWIFT_EMIT_LOC_STRINGS = NO;
				SWIFT_VERSION = 5.0;
				TARGETED_DEVICE_FAMILY = "1,2";
				TEST_TARGET_NAME = SocialLogin;
			};
			name = Release;
		};
/* End XCBuildConfiguration section */

/* Begin XCConfigurationList section */
		75EA2C5129A5A0E100A6116E /* Build configuration list for PBXProject "SocialLogin" */ = {
			isa = XCConfigurationList;
			buildConfigurations = (
				75EA2C7E29A5A0E300A6116E /* Debug */,
				75EA2C7F29A5A0E300A6116E /* Release */,
			);
			defaultConfigurationIsVisible = 0;
			defaultConfigurationName = Release;
		};
		75EA2C8029A5A0E300A6116E /* Build configuration list for PBXNativeTarget "SocialLogin" */ = {
			isa = XCConfigurationList;
			buildConfigurations = (
				75EA2C8129A5A0E300A6116E /* Debug */,
				75EA2C8229A5A0E300A6116E /* Release */,
			);
			defaultConfigurationIsVisible = 0;
			defaultConfigurationName = Release;
		};
		75EA2C8329A5A0E300A6116E /* Build configuration list for PBXNativeTarget "SocialLoginTests" */ = {
			isa = XCConfigurationList;
			buildConfigurations = (
				75EA2C8429A5A0E300A6116E /* Debug */,
				75EA2C8529A5A0E300A6116E /* Release */,
			);
			defaultConfigurationIsVisible = 0;
			defaultConfigurationName = Release;
		};
		75EA2C8629A5A0E300A6116E /* Build configuration list for PBXNativeTarget "SocialLoginUITests" */ = {
			isa = XCConfigurationList;
			buildConfigurations = (
				75EA2C8729A5A0E300A6116E /* Debug */,
				75EA2C8829A5A0E300A6116E /* Release */,
			);
			defaultConfigurationIsVisible = 0;
			defaultConfigurationName = Release;
		};
/* End XCConfigurationList section */
	};
	rootObject = 75EA2C4E29A5A0E100A6116E /* Project object */;
}
